<?xml version="1.0" encoding="utf-8"?>
<Project ToolsVersion="4.0" xmlns="http://schemas.microsoft.com/developer/msbuild/2003">
  <ItemGroup>
    <Filter Include="Source Files">
      <UniqueIdentifier>{4FC737F1-C7A5-4376-A066-2A32D752A2FF}</UniqueIdentifier>
      <Extensions>cpp;c;cc;cxx;def;odl;idl;hpj;bat;asm;asmx</Extensions>
    </Filter>
    <Filter Include="Header Files">
      <UniqueIdentifier>{93995380-89BD-4b04-88EB-625FBE52EBFB}</UniqueIdentifier>
      <Extensions>h;hh;hpp;hxx;hm;inl;inc;xsd</Extensions>
    </Filter>
    <Filter Include="Resource Files">
      <UniqueIdentifier>{67DA6AB6-F800-4c08-8B7A-83BB121AAD01}</UniqueIdentifier>
      <Extensions>rc;ico;cur;bmp;dlg;rc2;rct;bin;rgs;gif;jpg;jpeg;jpe;resx;tiff;tif;png;wav;mfcribbon-ms</Extensions>
    </Filter>
  </ItemGroup>
  <ItemGroup>
    <ClCompile Include="Source.cpp">
      <Filter>Source Files</Filter>
    </ClCompile>
    <ClCompile Include="SFMLGame.cpp">
      <Filter>Source Files</Filter>
    </ClCompile>
    <ClCompile Include="SFMLKeyboard.cpp">
      <Filter>Source Files</Filter>
    </ClCompile>
    <ClCompile Include="SFMLRoom.cpp">
      <Filter>Source Files</Filter>
    </ClCompile>
    <ClCompile Include="TestRoom.cpp">
      <Filter>Source Files</Filter>
    </ClCompile>
    <ClCompile Include="SFMLObject.cpp">
      <Filter>Source Files</Filter>
    </ClCompile>
    <ClCompile Include="FirstImage.cpp">
      <Filter>Source Files</Filter>
    </ClCompile>
    <ClCompile Include="SFMLMouse.cpp">
      <Filter>Source Files</Filter>
    </ClCompile>
    <ClCompile Include="SFMLTextureManager.cpp">
      <Filter>Source Files</Filter>
    </ClCompile>
    <ClCompile Include="SFMLButton.cpp">
      <Filter>Source Files</Filter>
    </ClCompile>
    <ClCompile Include="MainMenuRoom.cpp">
      <Filter>Source Files</Filter>
    </ClCompile>
    <ClCompile Include="BackGroundImage.cpp">
      <Filter>Source Files</Filter>
    </ClCompile>
    <ClCompile Include="LevelOneRoom.cpp">
      <Filter>Source Files</Filter>
    </ClCompile>
    <ClCompile Include="Wall.cpp">
      <Filter>Source Files</Filter>
    </ClCompile>
    <ClCompile Include="Box.cpp">
      <Filter>Source Files</Filter>
    </ClCompile>
    <ClCompile Include="Hero.cpp">
      <Filter>Source Files</Filter>
    </ClCompile>
    <ClCompile Include="Goal.cpp">
      <Filter>Source Files</Filter>
    </ClCompile>
    <ClCompile Include="LevelTwoRoom.cpp">
      <Filter>Source Files</Filter>
    </ClCompile>
    <ClCompile Include="LevelThreeRoom.cpp">
      <Filter>Source Files</Filter>
    </ClCompile>
    <ClCompile Include="lvlBackGroundImage.cpp">
      <Filter>Source Files</Filter>
    </ClCompile>
    <ClCompile Include="NextLevelRoom.cpp">
      <Filter>Source Files</Filter>
    </ClCompile>
    <ClCompile Include="NextBackGroundImage.cpp">
      <Filter>Source Files</Filter>
    </ClCompile>
    <ClCompile Include="SFMLFont.cpp">
      <Filter>Source Files</Filter>
    </ClCompile>
  </ItemGroup>
  <ItemGroup>
    <ClInclude Include="SFMLGame.h">
      <Filter>Header Files</Filter>
    </ClInclude>
    <ClInclude Include="SFMLKeyboard.h">
      <Filter>Header Files</Filter>
    </ClInclude>
    <ClInclude Include="SFMLRoom.h">
      <Filter>Header Files</Filter>
    </ClInclude>
    <ClInclude Include="TestRoom.h">
      <Filter>Header Files</Filter>
    </ClInclude>
    <ClInclude Include="SFMLObject.h">
      <Filter>Header Files</Filter>
    </ClInclude>
    <ClInclude Include="FirstImage.h">
      <Filter>Header Files</Filter>
    </ClInclude>
    <ClInclude Include="SFMLMouse.h">
      <Filter>Header Files</Filter>
    </ClInclude>
    <ClInclude Include="SFMLTextureManager.h">
      <Filter>Header Files</Filter>
    </ClInclude>
    <ClInclude Include="SFMLButton.h">
      <Filter>Header Files</Filter>
    </ClInclude>
    <ClInclude Include="MainMenuRoom.h">
      <Filter>Header Files</Filter>
    </ClInclude>
    <ClInclude Include="BackGroundImage.h">
      <Filter>Header Files</Filter>
    </ClInclude>
    <ClInclude Include="LevelOneRoom.h">
      <Filter>Header Files</Filter>
    </ClInclude>
    <ClInclude Include="Wall.h">
      <Filter>Header Files</Filter>
    </ClInclude>
    <ClInclude Include="Box.h">
      <Filter>Header Files</Filter>
    </ClInclude>
    <ClInclude Include="Hero.h">
      <Filter>Header Files</Filter>
    </ClInclude>
    <ClInclude Include="Goal.h">
      <Filter>Header Files</Filter>
    </ClInclude>
    <ClInclude Include="LevelTwoRoom.h">
      <Filter>Header Files</Filter>
    </ClInclude>
    <ClInclude Include="LevelThreeRoom.h">
      <Filter>Header Files</Filter>
    </ClInclude>
    <ClInclude Include="lvlBackGroundImage.h">
      <Filter>Header Files</Filter>
    </ClInclude>
    <ClInclude Include="NextLevelRoom.h">
      <Filter>Header Files</Filter>
    </ClInclude>
    <ClInclude Include="NextBackGroundImage.h">
      <Filter>Header Files</Filter>
    </ClInclude>
    <ClInclude Include="SFMLFont.h">
      <Filter>Header Files</Filter>
    </ClInclude>
  </ItemGroup>
</Project>